
Microsoft Visual Studio Solution File, Format Version 12.00
# Visual Studio Version 17
VisualStudioVersion = 17.4.33110.190
MinimumVisualStudioVersion = 10.0.40219.1
Project("{9A19103F-16F7-4668-BE54-9A1E7A4F7556}") = "TDDIntro.Kata", "TDDIntro.Kata\TDDIntro.Kata.csproj", "{EC8D1094-3C10-4666-9527-6D76021D4413}"
EndProject
Project("{FAE04EC0-301F-11D3-BF4B-00C04F79EFBC}") = "TDDIntro.Tests", "TDDIntro.Tests\TDDIntro.Tests.csproj", "{45D58670-2C23-4848-A205-0C066D50BBCB}"
EndProject
Global
	GlobalSection(SolutionConfigurationPlatforms) = preSolution
		Debug|Any CPU = Debug|Any CPU
		Release|Any CPU = Release|Any CPU
	EndGlobalSection
	GlobalSection(ProjectConfigurationPlatforms) = postSolution
		{EC8D1094-3C10-4666-9527-6D76021D4413}.Debug|Any CPU.ActiveCfg = Debug|Any CPU
		{EC8D1094-3C10-4666-9527-6D76021D4413}.Debug|Any CPU.Build.0 = Debug|Any CPU
		{EC8D1094-3C10-4666-9527-6D76021D4413}.Release|Any CPU.ActiveCfg = Release|Any CPU
		{EC8D1094-3C10-4666-9527-6D76021D4413}.Release|Any CPU.Build.0 = Release|Any CPU
		{45D58670-2C23-4848-A205-0C066D50BBCB}.Debug|Any CPU.ActiveCfg = Debug|Any CPU
		{45D58670-2C23-4848-A205-0C066D50BBCB}.Debug|Any CPU.Build.0 = Debug|Any CPU
		{45D58670-2C23-4848-A205-0C066D50BBCB}.Release|Any CPU.ActiveCfg = Release|Any CPU
		{45D58670-2C23-4848-A205-0C066D50BBCB}.Release|Any CPU.Build.0 = Release|Any CPU
	EndGlobalSection
	GlobalSection(SolutionProperties) = preSolution
		HideSolutionNode = FALSE
	EndGlobalSection
	GlobalSection(ExtensibilityGlobals) = postSolution
		SolutionGuid = {656C4F6D-79E1-46F2-A274-6B3D72566B0F}
	EndGlobalSection
EndGlobal
